<Solution>
  <Folder Name="/Additional items/">
    <File Path=".editorconfig" />
    <File Path=".gitattributes" />
    <File Path=".gitignore" />
    <File Path="global.json" />
    <File Path="LICENSE.txt" />
    <File Path="NuGet.config" />
    <File Path="README.md" />
  </Folder>
  <Folder Name="/Additional items/Workflows/">
    <File Path=".github\workflows\static.yml" />
  </Folder>
  <Project Path="src/ChapterOffsets.Web/ChapterOffsets.Web.csproj" />
</Solution>
